
Microsoft Visual Studio Solution File, Format Version 12.00
# Visual Studio Version 17
VisualStudioVersion = 17.11.35208.52
MinimumVisualStudioVersion = 10.0.40219.1
Project("{888888A0-9F3D-457C-B088-3A5042F75D52}") = "PacMan THE GAME", "PacMan THE GAME\PacMan THE GAME.pyproj", "{21E9CF89-0F7A-4DAA-AA57-13738B6A0D31}"
EndProject
Global
	GlobalSection(SolutionConfigurationPlatforms) = preSolution
		Debug|Any CPU = Debug|Any CPU
		Release|Any CPU = Release|Any CPU
	EndGlobalSection
	GlobalSection(ProjectConfigurationPlatforms) = postSolution
		{21E9CF89-0F7A-4DAA-AA57-13738B6A0D31}.Debug|Any CPU.ActiveCfg = Debug|Any CPU
		{21E9CF89-0F7A-4DAA-AA57-13738B6A0D31}.Release|Any CPU.ActiveCfg = Release|Any CPU
	EndGlobalSection
	GlobalSection(SolutionProperties) = preSolution
		HideSolutionNode = FALSE
	EndGlobalSection
	GlobalSection(ExtensibilityGlobals) = postSolution
		SolutionGuid = {B00AD3AF-3B86-488D-8DAB-51A69884C731}
	EndGlobalSection
EndGlobal
